
Microsoft Visual Studio Solution File, Format Version 12.00
# Visual Studio Version 17
VisualStudioVersion = 17.2.32616.157
MinimumVisualStudioVersion = 10.0.40219.1
Project("{FAE04EC0-301F-11D3-BF4B-00C04F79EFBC}") = "Task№9_Week1_Gavrilova", "Task№9_Week1_Gavrilova\Task№9_Week1_Gavrilova.csproj", "{649663D9-1E84-4110-BFB9-758658B77FE7}"
EndProject
Global
	GlobalSection(SolutionConfigurationPlatforms) = preSolution
		Debug|Any CPU = Debug|Any CPU
		Release|Any CPU = Release|Any CPU
	EndGlobalSection
	GlobalSection(ProjectConfigurationPlatforms) = postSolution
		{649663D9-1E84-4110-BFB9-758658B77FE7}.Debug|Any CPU.ActiveCfg = Debug|Any CPU
		{649663D9-1E84-4110-BFB9-758658B77FE7}.Debug|Any CPU.Build.0 = Debug|Any CPU
		{649663D9-1E84-4110-BFB9-758658B77FE7}.Release|Any CPU.ActiveCfg = Release|Any CPU
		{649663D9-1E84-4110-BFB9-758658B77FE7}.Release|Any CPU.Build.0 = Release|Any CPU
	EndGlobalSection
	GlobalSection(SolutionProperties) = preSolution
		HideSolutionNode = FALSE
	EndGlobalSection
	GlobalSection(ExtensibilityGlobals) = postSolution
		SolutionGuid = {C28302AD-F41B-4912-BCED-BC5D3ECFA874}
	EndGlobalSection
EndGlobal
